
Microsoft Visual Studio Solution File, Format Version 12.00
# Visual Studio 15
VisualStudioVersion = 15.0.28307.539
MinimumVisualStudioVersion = 10.0.40219.1
Project("{FAE04EC0-301F-11D3-BF4B-00C04F79EFBC}") = "QUAN LY BAN CAFE", "QUAN LY BAN CAFE\QUAN LY BAN CAFE.csproj", "{24966B18-1324-42FD-BBB2-921298C2C480}"
EndProject
Global
	GlobalSection(SolutionConfigurationPlatforms) = preSolution
		Debug|Any CPU = Debug|Any CPU
		Release|Any CPU = Release|Any CPU
	EndGlobalSection
	GlobalSection(ProjectConfigurationPlatforms) = postSolution
		{24966B18-1324-42FD-BBB2-921298C2C480}.Debug|Any CPU.ActiveCfg = Debug|Any CPU
		{24966B18-1324-42FD-BBB2-921298C2C480}.Debug|Any CPU.Build.0 = Debug|Any CPU
		{24966B18-1324-42FD-BBB2-921298C2C480}.Release|Any CPU.ActiveCfg = Release|Any CPU
		{24966B18-1324-42FD-BBB2-921298C2C480}.Release|Any CPU.Build.0 = Release|Any CPU
	EndGlobalSection
	GlobalSection(SolutionProperties) = preSolution
		HideSolutionNode = FALSE
	EndGlobalSection
	GlobalSection(ExtensibilityGlobals) = postSolution
		SolutionGuid = {D1BFE01F-E28C-4E1B-A138-47D1B6CDDCD3}
	EndGlobalSection
EndGlobal
